
Microsoft Visual Studio Solution File, Format Version 12.00
# Visual Studio Version 16
VisualStudioVersion = 16.0.31205.134
MinimumVisualStudioVersion = 10.0.40219.1
Project("{FAE04EC0-301F-11D3-BF4B-00C04F79EFBC}") = "WTFBarber", "WTFBarber.csproj", "{08A180F7-897E-470E-B437-24BD7DBE438C}"
EndProject
Global
	GlobalSection(SolutionConfigurationPlatforms) = preSolution
		Debug|Any CPU = Debug|Any CPU
		Release|Any CPU = Release|Any CPU
	EndGlobalSection
	GlobalSection(ProjectConfigurationPlatforms) = postSolution
		{08A180F7-897E-470E-B437-24BD7DBE438C}.Debug|Any CPU.ActiveCfg = Debug|Any CPU
		{08A180F7-897E-470E-B437-24BD7DBE438C}.Debug|Any CPU.Build.0 = Debug|Any CPU
		{08A180F7-897E-470E-B437-24BD7DBE438C}.Release|Any CPU.ActiveCfg = Release|Any CPU
		{08A180F7-897E-470E-B437-24BD7DBE438C}.Release|Any CPU.Build.0 = Release|Any CPU
	EndGlobalSection
	GlobalSection(SolutionProperties) = preSolution
		HideSolutionNode = FALSE
	EndGlobalSection
	GlobalSection(ExtensibilityGlobals) = postSolution
		SolutionGuid = {74F37DB2-A54D-4D1D-B542-F880453C6929}
	EndGlobalSection
EndGlobal
